# This file is automatically @generated by Poetry 1.8.5 and should not be changed by hand.

[[package]]
name = "cupy-cuda12x"
version = "13.3.0"
description = "CuPy: NumPy & SciPy for GPU"
optional = false
python-versions = ">=3.9"
files = [
    {file = "cupy_cuda12x-13.3.0-cp310-cp310-manylinux2014_aarch64.whl", hash = "sha256:674488e990998042cc54d2486d3c37cae80a12ba3787636be5a10b9446dd6914"},
    {file = "cupy_cuda12x-13.3.0-cp310-cp310-manylinux2014_x86_64.whl", hash = "sha256:cf4a2a0864364715881b50012927e88bd7ec1e6f1de3987970870861ae5ed25e"},
    {file = "cupy_cuda12x-13.3.0-cp310-cp310-win_amd64.whl", hash = "sha256:7c0dc8c49d271d1c03e49a5d6c8e42e8fee3114b10f269a5ecc387731d693eaa"},
    {file = "cupy_cuda12x-13.3.0-cp311-cp311-manylinux2014_aarch64.whl", hash = "sha256:c0cc095b9a3835fd5db66c45ed3c58ecdc5a3bb14e53e1defbfd4a0ce5c8ecdb"},
    {file = "cupy_cuda12x-13.3.0-cp311-cp311-manylinux2014_x86_64.whl", hash = "sha256:a0e3bead04e502ebde515f0343444ca3f4f7aed09cbc3a316a946cba97f2ea66"},
    {file = "cupy_cuda12x-13.3.0-cp311-cp311-win_amd64.whl", hash = "sha256:5f11df1149c7219858b27e4c8be92cb4eaf7364c94af6b78c40dffb98050a61f"},
    {file = "cupy_cuda12x-13.3.0-cp312-cp312-manylinux2014_aarch64.whl", hash = "sha256:bbd0d916310391faf0d7dc9c58fff7a6dc996b67e5768199160bbceb5ebdda8c"},
    {file = "cupy_cuda12x-13.3.0-cp312-cp312-manylinux2014_x86_64.whl", hash = "sha256:e206bd8664f0763732b6012431f484ee535bffd77a5ae95e9bfe1c7c72396625"},
    {file = "cupy_cuda12x-13.3.0-cp312-cp312-win_amd64.whl", hash = "sha256:88ef1478f00ae252da0026e7f04f70c9bb6a2dc130ba5f1e5bc5e8069a928bf5"},
    {file = "cupy_cuda12x-13.3.0-cp39-cp39-manylinux2014_aarch64.whl", hash = "sha256:3a52aa49ffcc940d034f2bb39728c90e9fa83c7a49e376404507956adb6d6ec4"},
    {file = "cupy_cuda12x-13.3.0-cp39-cp39-manylinux2014_x86_64.whl", hash = "sha256:3ef13f3cbc449d2a0f816594ab1fa0236e1f06ad1eaa81ad04c75e47cbeb87be"},
    {file = "cupy_cuda12x-13.3.0-cp39-cp39-win_amd64.whl", hash = "sha256:8f5433eec3e5cd8d39e8fcb82e0fdab7c22eba8e3304fcb0b42f2ea988fef0d6"},
]

[package.dependencies]
fastrlock = ">=0.5"
numpy = ">=1.22,<2.3"

[package.extras]
all = ["Cython (>=0.29.22,<3)", "optuna (>=2.0)", "scipy (>=1.7,<1.14)"]
stylecheck = ["autopep8 (==1.5.5)", "flake8 (==3.8.4)", "mypy (==1.4.1)", "pbr (==5.5.1)", "pycodestyle (==2.6.0)", "types-setuptools (==57.4.14)"]
test = ["hypothesis (>=6.37.2,<6.55.0)", "mpmath", "packaging", "pytest (>=7.2)"]

[[package]]
name = "fastrlock"
version = "0.8.2"
description = "Fast, re-entrant optimistic lock implemented in Cython"
optional = false
python-versions = "*"
files = [
    {file = "fastrlock-0.8.2-cp27-cp27m-macosx_10_15_x86_64.whl", hash = "sha256:94e348c72a1fd1f8191f25ea056448e4f5a87b8fbf005b39d290dcb0581a48cd"},
    {file = "fastrlock-0.8.2-cp27-cp27m-manylinux_2_5_i686.manylinux1_i686.whl", hash = "sha256:2d5595903444c854b99c42122b87edfe8a37cd698a4eae32f4fd1d2a7b6c115d"},
    {file = "fastrlock-0.8.2-cp27-cp27m-manylinux_2_5_x86_64.manylinux1_x86_64.whl", hash = "sha256:e4bbde174a0aff5f6eeba75cf8c4c5d2a316316bc21f03a0bddca0fc3659a6f3"},
    {file = "fastrlock-0.8.2-cp27-cp27mu-manylinux_2_5_i686.manylinux1_i686.whl", hash = "sha256:7a2ccaf88ac0db153e84305d1ef0aa138cea82c6a88309066f6eaa3bc98636cd"},
    {file = "fastrlock-0.8.2-cp27-cp27mu-manylinux_2_5_x86_64.manylinux1_x86_64.whl", hash = "sha256:31a27a2edf482df72b91fe6c6438314d2c65290aa7becc55589d156c9b91f0da"},
    {file = "fastrlock-0.8.2-cp310-cp310-macosx_11_0_x86_64.whl", hash = "sha256:e9904b5b37c3e5bb4a245c56bc4b7e497da57ffb8528f4fc39af9dcb168ee2e1"},
    {file = "fastrlock-0.8.2-cp310-cp310-manylinux_2_17_aarch64.manylinux2014_aarch64.manylinux_2_24_aarch64.whl", hash = "sha256:43a241655e83e4603a152192cf022d5ca348c2f4e56dfb02e5c9c4c1a32f9cdb"},
    {file = "fastrlock-0.8.2-cp310-cp310-manylinux_2_17_aarch64.manylinux2014_aarch64.manylinux_2_28_aarch64.whl", hash = "sha256:9121a894d74e65557e47e777060a495ab85f4b903e80dd73a3c940ba042920d7"},
    {file = "fastrlock-0.8.2-cp310-cp310-manylinux_2_5_i686.manylinux1_i686.manylinux_2_24_i686.whl", hash = "sha256:11bbbbc526363955aeddb9eec4cee2a0012322b7b2f15b54f44454fcf4fd398a"},
    {file = "fastrlock-0.8.2-cp310-cp310-manylinux_2_5_x86_64.manylinux1_x86_64.manylinux_2_24_x86_64.whl", hash = "sha256:27786c62a400e282756ae1b090bcd7cfa35f28270cff65a9e7b27a5327a32561"},
    {file = "fastrlock-0.8.2-cp310-cp310-manylinux_2_5_x86_64.manylinux1_x86_64.manylinux_2_28_x86_64.whl", hash = "sha256:08315bde19d0c2e6b06593d5a418be3dc8f9b1ee721afa96867b9853fceb45cf"},
    {file = "fastrlock-0.8.2-cp310-cp310-musllinux_1_1_aarch64.whl", hash = "sha256:e8b49b5743ede51e0bcf6805741f39f5e0e0fd6a172ba460cb39e3097ba803bb"},
    {file = "fastrlock-0.8.2-cp310-cp310-musllinux_1_1_x86_64.whl", hash = "sha256:b443e73a4dfc7b6e0800ea4c13567b9694358e86f53bb2612a51c9e727cac67b"},
    {file = "fastrlock-0.8.2-cp310-cp310-win_amd64.whl", hash = "sha256:b3853ed4ce522598dc886160a7bab432a093051af85891fa2f5577c1dcac8ed6"},
    {file = "fastrlock-0.8.2-cp311-cp311-macosx_10_15_universal2.whl", hash = "sha256:790fc19bccbd39426060047e53629f171a44745613bf360a045e9f9c8c4a2cea"},
    {file = "fastrlock-0.8.2-cp311-cp311-manylinux_2_17_aarch64.manylinux2014_aarch64.manylinux_2_24_aarch64.whl", hash = "sha256:dbdce852e6bb66e1b8c36679d482971d69d93acf1785657522e51b7de30c3356"},
    {file = "fastrlock-0.8.2-cp311-cp311-manylinux_2_17_aarch64.manylinux2014_aarch64.manylinux_2_28_aarch64.whl", hash = "sha256:d47713ffe6d4a627fbf078be9836a95ac106b4a0543e3841572c91e292a5d885"},
    {file = "fastrlock-0.8.2-cp311-cp311-manylinux_2_5_i686.manylinux1_i686.manylinux_2_24_i686.whl", hash = "sha256:ea96503b918fceaf40443182742b8964d47b65c5ebdea532893cb9479620000c"},
    {file = "fastrlock-0.8.2-cp311-cp311-manylinux_2_5_x86_64.manylinux1_x86_64.manylinux_2_24_x86_64.whl", hash = "sha256:c6bffa978793bea5e1b00e677062e53a62255439339591b70e209fa1552d5ee0"},
    {file = "fastrlock-0.8.2-cp311-cp311-manylinux_2_5_x86_64.manylinux1_x86_64.manylinux_2_28_x86_64.whl", hash = "sha256:75c07726c8b1a52147fd7987d6baaa318c5dced1416c3f25593e40f56e10755b"},
    {file = "fastrlock-0.8.2-cp311-cp311-musllinux_1_1_aarch64.whl", hash = "sha256:88f079335e9da631efa64486c8207564a7bcd0c00526bb9e842e9d5b7e50a6cc"},
    {file = "fastrlock-0.8.2-cp311-cp311-musllinux_1_1_x86_64.whl", hash = "sha256:4fb2e77ff04bc4beb71d63c8e064f052ce5a6ea1e001d528d4d7f4b37d736f2e"},
    {file = "fastrlock-0.8.2-cp311-cp311-win_amd64.whl", hash = "sha256:b4c9083ea89ab236b06e9ef2263971db3b4b507195fc7d5eecab95828dcae325"},
    {file = "fastrlock-0.8.2-cp312-cp312-macosx_10_15_universal2.whl", hash = "sha256:98195866d3a9949915935d40a88e4f1c166e82e378f622c88025f2938624a90a"},
    {file = "fastrlock-0.8.2-cp312-cp312-manylinux_2_17_aarch64.manylinux2014_aarch64.manylinux_2_28_aarch64.whl", hash = "sha256:b22ea9bf5f9fad2b0077e944a7813f91593a4f61adf8faf734a70aed3f2b3a40"},
    {file = "fastrlock-0.8.2-cp312-cp312-manylinux_2_5_x86_64.manylinux1_x86_64.manylinux_2_28_x86_64.whl", hash = "sha256:dcc1bf0ac8a194313cf6e645e300a8a379674ceed8e0b1e910a2de3e3c28989e"},
    {file = "fastrlock-0.8.2-cp312-cp312-musllinux_1_1_aarch64.whl", hash = "sha256:a3dcc876050b8f5cbc0ee84ef1e7f0c1dfe7c148f10098828bc4403683c33f10"},
    {file = "fastrlock-0.8.2-cp312-cp312-musllinux_1_1_x86_64.whl", hash = "sha256:685e656048b59d8dfde8c601f188ad53a4d719eb97080cafc8696cda6d75865e"},
    {file = "fastrlock-0.8.2-cp312-cp312-win_amd64.whl", hash = "sha256:fb5363cf0fddd9b50525ddbf64a1e1b28ec4c6dfb28670a940cb1cf988a6786b"},
    {file = "fastrlock-0.8.2-cp35-cp35m-macosx_10_15_x86_64.whl", hash = "sha256:a74f5a92fa6e51c4f3c69b29c4662088b97be12f40652a21109605a175c81824"},
    {file = "fastrlock-0.8.2-cp35-cp35m-manylinux_2_5_i686.manylinux1_i686.whl", hash = "sha256:ccf39ad5702e33e4d335b48ef9d56e21619b529b7f7471b5211419f380329b62"},
    {file = "fastrlock-0.8.2-cp35-cp35m-manylinux_2_5_x86_64.manylinux1_x86_64.whl", hash = "sha256:66f2662c640bb71a1016a031eea6eef9d25c2bcdf7ffd1d1ddc5a58f9a1ced04"},
    {file = "fastrlock-0.8.2-cp36-cp36m-macosx_10_15_x86_64.whl", hash = "sha256:17734e2e5af4c07ddb0fb10bd484e062c22de3be6b67940b9cc6ec2f18fa61ba"},
    {file = "fastrlock-0.8.2-cp36-cp36m-manylinux_2_17_aarch64.manylinux2014_aarch64.manylinux_2_24_aarch64.whl", hash = "sha256:ab91b0c36e95d42e1041a4907e3eefd06c482d53af3c7a77be7e214cc7cd4a63"},
    {file = "fastrlock-0.8.2-cp36-cp36m-manylinux_2_17_aarch64.manylinux2014_aarch64.manylinux_2_28_aarch64.whl", hash = "sha256:b32fdf874868326351a75b1e4c02f97e802147119ae44c52d3d9da193ec34f5b"},
    {file = "fastrlock-0.8.2-cp36-cp36m-manylinux_2_5_i686.manylinux1_i686.manylinux_2_24_i686.whl", hash = "sha256:2074548a335fcf7d19ebb18d9208da9e33b06f745754466a7e001d2b1c58dd19"},
    {file = "fastrlock-0.8.2-cp36-cp36m-manylinux_2_5_i686.manylinux1_i686.whl", hash = "sha256:4fb04442b6d1e2b36c774919c6bcbe3339c61b337261d4bd57e27932589095af"},
    {file = "fastrlock-0.8.2-cp36-cp36m-manylinux_2_5_x86_64.manylinux1_x86_64.manylinux_2_24_x86_64.whl", hash = "sha256:1fed2f4797ad68e9982038423018cf08bec5f4ce9fed63a94a790773ed6a795c"},
    {file = "fastrlock-0.8.2-cp36-cp36m-manylinux_2_5_x86_64.manylinux1_x86_64.manylinux_2_28_x86_64.whl", hash = "sha256:e380ec4e6d8b26e389713995a43cb7fe56baea2d25fe073d4998c4821a026211"},
    {file = "fastrlock-0.8.2-cp36-cp36m-manylinux_2_5_x86_64.manylinux1_x86_64.whl", hash = "sha256:25945f962c7bd808415cfde3da624d4399d4ea71ed8918538375f16bceb79e1c"},
    {file = "fastrlock-0.8.2-cp36-cp36m-musllinux_1_1_aarch64.whl", hash = "sha256:2c1719ddc8218b01e82fb2e82e8451bd65076cb96d7bef4477194bbb4305a968"},
    {file = "fastrlock-0.8.2-cp36-cp36m-musllinux_1_1_x86_64.whl", hash = "sha256:5460c5ee6ced6d61ec8cd2324ebbe793a4960c4ffa2131ffff480e3b61c99ec5"},
    {file = "fastrlock-0.8.2-cp36-cp36m-win_amd64.whl", hash = "sha256:33145acbad8317584cd64588131c7e1e286beef6280c0009b4544c91fce171d2"},
    {file = "fastrlock-0.8.2-cp37-cp37m-manylinux_2_17_aarch64.manylinux2014_aarch64.manylinux_2_24_aarch64.whl", hash = "sha256:59344c1d46b7dec97d3f22f1cc930fafe8980b3c5bc9c9765c56738a5f1559e4"},
    {file = "fastrlock-0.8.2-cp37-cp37m-manylinux_2_17_aarch64.manylinux2014_aarch64.manylinux_2_28_aarch64.whl", hash = "sha256:b2a1c354f13f22b737621d914f3b4a8434ae69d3027a775e94b3e671756112f9"},
    {file = "fastrlock-0.8.2-cp37-cp37m-manylinux_2_5_i686.manylinux1_i686.manylinux_2_24_i686.whl", hash = "sha256:cf81e0278b645004388873e0a1f9e3bc4c9ab8c18e377b14ed1a544be4b18c9a"},
    {file = "fastrlock-0.8.2-cp37-cp37m-manylinux_2_5_i686.manylinux1_i686.whl", hash = "sha256:1b15430b93d7eb3d56f6ff690d2ebecb79ed0e58248427717eba150a508d1cd7"},
    {file = "fastrlock-0.8.2-cp37-cp37m-manylinux_2_5_x86_64.manylinux1_x86_64.manylinux_2_24_x86_64.whl", hash = "sha256:067edb0a0805bf61e17a251d5046af59f6e9d2b8ad01222e0ef7a0b7937d5548"},
    {file = "fastrlock-0.8.2-cp37-cp37m-manylinux_2_5_x86_64.manylinux1_x86_64.manylinux_2_28_x86_64.whl", hash = "sha256:eb31fe390f03f7ae886dcc374f1099ec88526631a4cb891d399b68181f154ff0"},
    {file = "fastrlock-0.8.2-cp37-cp37m-manylinux_2_5_x86_64.manylinux1_x86_64.whl", hash = "sha256:643e1e65b4f5b284427e61a894d876d10459820e93aa1e724dfb415117be24e0"},
    {file = "fastrlock-0.8.2-cp37-cp37m-musllinux_1_1_aarch64.whl", hash = "sha256:5dfb78dd600a12f23fc0c3ec58f81336229fdc74501ecf378d1ce5b3f2f313ea"},
    {file = "fastrlock-0.8.2-cp37-cp37m-musllinux_1_1_x86_64.whl", hash = "sha256:b8ca0fe21458457077e4cb2d81e1ebdb146a00b3e9e2db6180a773f7ea905032"},
    {file = "fastrlock-0.8.2-cp37-cp37m-win_amd64.whl", hash = "sha256:d918dfe473291e8bfd8e13223ea5cb9b317bd9f50c280923776c377f7c64b428"},
    {file = "fastrlock-0.8.2-cp38-cp38-manylinux_2_17_aarch64.manylinux2014_aarch64.manylinux_2_24_aarch64.whl", hash = "sha256:c393af77c659a38bffbca215c0bcc8629ba4299568308dd7e4ff65d62cabed39"},
    {file = "fastrlock-0.8.2-cp38-cp38-manylinux_2_17_aarch64.manylinux2014_aarch64.manylinux_2_28_aarch64.whl", hash = "sha256:73426f5eb2ecc10626c67cf86bd0af9e00d53e80e5c67d5ce8e18376d6abfa09"},
    {file = "fastrlock-0.8.2-cp38-cp38-manylinux_2_5_i686.manylinux1_i686.manylinux_2_24_i686.whl", hash = "sha256:320fd55bafee3eb069cfb5d6491f811a912758387ef2193840e2663e80e16f48"},
    {file = "fastrlock-0.8.2-cp38-cp38-manylinux_2_5_i686.manylinux1_i686.whl", hash = "sha256:8c1c91a68926421f5ccbc82c85f83bd3ba593b121a46a1b9a554b3f0dd67a4bf"},
    {file = "fastrlock-0.8.2-cp38-cp38-manylinux_2_5_x86_64.manylinux1_x86_64.manylinux_2_24_x86_64.whl", hash = "sha256:ad1bc61c7f6b0e58106aaab034916b6cb041757f708b07fbcdd9d6e1ac629225"},
    {file = "fastrlock-0.8.2-cp38-cp38-manylinux_2_5_x86_64.manylinux1_x86_64.manylinux_2_28_x86_64.whl", hash = "sha256:87f4e01b042c84e6090dbc4fbe3415ddd69f6bc0130382323f9d3f1b8dd71b46"},
    {file = "fastrlock-0.8.2-cp38-cp38-manylinux_2_5_x86_64.manylinux1_x86_64.whl", hash = "sha256:d34546ad2e4a480b94b6797bcc5a322b3c705c4c74c3e4e545c4a3841c1b2d59"},
    {file = "fastrlock-0.8.2-cp38-cp38-musllinux_1_1_aarch64.whl", hash = "sha256:ebb32d776b61acd49f859a1d16b9e3d84e7b46d0d92aebd58acd54dc38e96664"},
    {file = "fastrlock-0.8.2-cp38-cp38-musllinux_1_1_x86_64.whl", hash = "sha256:30bdbe4662992348132d03996700e1cf910d141d629179b967b146a22942264e"},
    {file = "fastrlock-0.8.2-cp38-cp38-win_amd64.whl", hash = "sha256:07ed3c7b3867c05a3d6be4ced200c7767000f3431b9be6da66972822dd86e8be"},
    {file = "fastrlock-0.8.2-cp39-cp39-macosx_11_0_x86_64.whl", hash = "sha256:ddf5d247f686aec853ddcc9a1234bfcc6f57b0a0670d2ad82fc25d8ae7e6a15f"},
    {file = "fastrlock-0.8.2-cp39-cp39-manylinux_2_17_aarch64.manylinux2014_aarch64.manylinux_2_24_aarch64.whl", hash = "sha256:7269bb3fc15587b0c191eecd95831d771a7d80f0c48929e560806b038ff3066c"},
    {file = "fastrlock-0.8.2-cp39-cp39-manylinux_2_17_aarch64.manylinux2014_aarch64.manylinux_2_28_aarch64.whl", hash = "sha256:adcb9e77aa132cc6c9de2ffe7cf880a20aa8cdba21d367d1da1a412f57bddd5d"},
    {file = "fastrlock-0.8.2-cp39-cp39-manylinux_2_5_i686.manylinux1_i686.manylinux_2_24_i686.whl", hash = "sha256:a3b8b5d2935403f1b4b25ae324560e94b59593a38c0d2e7b6c9872126a9622ed"},
    {file = "fastrlock-0.8.2-cp39-cp39-manylinux_2_5_i686.manylinux1_i686.whl", hash = "sha256:2587cedbb36c7988e707d83f0f1175c1f882f362b5ebbee25d70218ea33d220d"},
    {file = "fastrlock-0.8.2-cp39-cp39-manylinux_2_5_x86_64.manylinux1_x86_64.manylinux_2_24_x86_64.whl", hash = "sha256:9af691a9861027181d4de07ed74f0aee12a9650ac60d0a07f4320bff84b5d95f"},
    {file = "fastrlock-0.8.2-cp39-cp39-manylinux_2_5_x86_64.manylinux1_x86_64.manylinux_2_28_x86_64.whl", hash = "sha256:99dd6652bd6f730beadf74ef769d38c6bbd8ee6d1c15c8d138ea680b0594387f"},
    {file = "fastrlock-0.8.2-cp39-cp39-manylinux_2_5_x86_64.manylinux1_x86_64.whl", hash = "sha256:4d63b6596368dab9e0cc66bf047e7182a56f33b34db141816a4f21f5bf958228"},
    {file = "fastrlock-0.8.2-cp39-cp39-musllinux_1_1_aarch64.whl", hash = "sha256:ff75c90663d6e8996610d435e71487daa853871ad1770dd83dc0f2fc4997241e"},
    {file = "fastrlock-0.8.2-cp39-cp39-musllinux_1_1_x86_64.whl", hash = "sha256:e27c3cd27fbd25e5223c5c992b300cd4ee8f0a75c6f222ce65838138d853712c"},
    {file = "fastrlock-0.8.2-cp39-cp39-win_amd64.whl", hash = "sha256:dd961a32a7182c3891cdebca417fda67496d5d5de6ae636962254d22723bdf52"},
    {file = "fastrlock-0.8.2.tar.gz", hash = "sha256:644ec9215cf9c4df8028d8511379a15d9c1af3e16d80e47f1b6fdc6ba118356a"},
]

[[package]]
name = "numpy"
version = "2.0.2"
description = "Fundamental package for array computing in Python"
optional = false
python-versions = ">=3.9"
files = [
    {file = "numpy-2.0.2-cp310-cp310-macosx_10_9_x86_64.whl", hash = "sha256:51129a29dbe56f9ca83438b706e2e69a39892b5eda6cedcb6b0c9fdc9b0d3ece"},
    {file = "numpy-2.0.2-cp310-cp310-macosx_11_0_arm64.whl", hash = "sha256:f15975dfec0cf2239224d80e32c3170b1d168335eaedee69da84fbe9f1f9cd04"},
    {file = "numpy-2.0.2-cp310-cp310-macosx_14_0_arm64.whl", hash = "sha256:8c5713284ce4e282544c68d1c3b2c7161d38c256d2eefc93c1d683cf47683e66"},
    {file = "numpy-2.0.2-cp310-cp310-macosx_14_0_x86_64.whl", hash = "sha256:becfae3ddd30736fe1889a37f1f580e245ba79a5855bff5f2a29cb3ccc22dd7b"},
    {file = "numpy-2.0.2-cp310-cp310-manylinux_2_17_aarch64.manylinux2014_aarch64.whl", hash = "sha256:2da5960c3cf0df7eafefd806d4e612c5e19358de82cb3c343631188991566ccd"},
    {file = "numpy-2.0.2-cp310-cp310-manylinux_2_17_x86_64.manylinux2014_x86_64.whl", hash = "sha256:496f71341824ed9f3d2fd36cf3ac57ae2e0165c143b55c3a035ee219413f3318"},
    {file = "numpy-2.0.2-cp310-cp310-musllinux_1_1_x86_64.whl", hash = "sha256:a61ec659f68ae254e4d237816e33171497e978140353c0c2038d46e63282d0c8"},
    {file = "numpy-2.0.2-cp310-cp310-musllinux_1_2_aarch64.whl", hash = "sha256:d731a1c6116ba289c1e9ee714b08a8ff882944d4ad631fd411106a30f083c326"},
    {file = "numpy-2.0.2-cp310-cp310-win32.whl", hash = "sha256:984d96121c9f9616cd33fbd0618b7f08e0cfc9600a7ee1d6fd9b239186d19d97"},
    {file = "numpy-2.0.2-cp310-cp310-win_amd64.whl", hash = "sha256:c7b0be4ef08607dd04da4092faee0b86607f111d5ae68036f16cc787e250a131"},
    {file = "numpy-2.0.2-cp311-cp311-macosx_10_9_x86_64.whl", hash = "sha256:49ca4decb342d66018b01932139c0961a8f9ddc7589611158cb3c27cbcf76448"},
    {file = "numpy-2.0.2-cp311-cp311-macosx_11_0_arm64.whl", hash = "sha256:11a76c372d1d37437857280aa142086476136a8c0f373b2e648ab2c8f18fb195"},
    {file = "numpy-2.0.2-cp311-cp311-macosx_14_0_arm64.whl", hash = "sha256:807ec44583fd708a21d4a11d94aedf2f4f3c3719035c76a2bbe1fe8e217bdc57"},
    {file = "numpy-2.0.2-cp311-cp311-macosx_14_0_x86_64.whl", hash = "sha256:8cafab480740e22f8d833acefed5cc87ce276f4ece12fdaa2e8903db2f82897a"},
    {file = "numpy-2.0.2-cp311-cp311-manylinux_2_17_aarch64.manylinux2014_aarch64.whl", hash = "sha256:a15f476a45e6e5a3a79d8a14e62161d27ad897381fecfa4a09ed5322f2085669"},
    {file = "numpy-2.0.2-cp311-cp311-manylinux_2_17_x86_64.manylinux2014_x86_64.whl", hash = "sha256:13e689d772146140a252c3a28501da66dfecd77490b498b168b501835041f951"},
    {file = "numpy-2.0.2-cp311-cp311-musllinux_1_1_x86_64.whl", hash = "sha256:9ea91dfb7c3d1c56a0e55657c0afb38cf1eeae4544c208dc465c3c9f3a7c09f9"},
    {file = "numpy-2.0.2-cp311-cp311-musllinux_1_2_aarch64.whl", hash = "sha256:c1c9307701fec8f3f7a1e6711f9089c06e6284b3afbbcd259f7791282d660a15"},
    {file = "numpy-2.0.2-cp311-cp311-win32.whl", hash = "sha256:a392a68bd329eafac5817e5aefeb39038c48b671afd242710b451e76090e81f4"},
    {file = "numpy-2.0.2-cp311-cp311-win_amd64.whl", hash = "sha256:286cd40ce2b7d652a6f22efdfc6d1edf879440e53e76a75955bc0c826c7e64dc"},
    {file = "numpy-2.0.2-cp312-cp312-macosx_10_9_x86_64.whl", hash = "sha256:df55d490dea7934f330006d0f81e8551ba6010a5bf035a249ef61a94f21c500b"},
    {file = "numpy-2.0.2-cp312-cp312-macosx_11_0_arm64.whl", hash = "sha256:8df823f570d9adf0978347d1f926b2a867d5608f434a7cff7f7908c6570dcf5e"},
    {file = "numpy-2.0.2-cp312-cp312-macosx_14_0_arm64.whl", hash = "sha256:9a92ae5c14811e390f3767053ff54eaee3bf84576d99a2456391401323f4ec2c"},
    {file = "numpy-2.0.2-cp312-cp312-macosx_14_0_x86_64.whl", hash = "sha256:a842d573724391493a97a62ebbb8e731f8a5dcc5d285dfc99141ca15a3302d0c"},
    {file = "numpy-2.0.2-cp312-cp312-manylinux_2_17_aarch64.manylinux2014_aarch64.whl", hash = "sha256:c05e238064fc0610c840d1cf6a13bf63d7e391717d247f1bf0318172e759e692"},
    {file = "numpy-2.0.2-cp312-cp312-manylinux_2_17_x86_64.manylinux2014_x86_64.whl", hash = "sha256:0123ffdaa88fa4ab64835dcbde75dcdf89c453c922f18dced6e27c90d1d0ec5a"},
    {file = "numpy-2.0.2-cp312-cp312-musllinux_1_1_x86_64.whl", hash = "sha256:96a55f64139912d61de9137f11bf39a55ec8faec288c75a54f93dfd39f7eb40c"},
    {file = "numpy-2.0.2-cp312-cp312-musllinux_1_2_aarch64.whl", hash = "sha256:ec9852fb39354b5a45a80bdab5ac02dd02b15f44b3804e9f00c556bf24b4bded"},
    {file = "numpy-2.0.2-cp312-cp312-win32.whl", hash = "sha256:671bec6496f83202ed2d3c8fdc486a8fc86942f2e69ff0e986140339a63bcbe5"},
    {file = "numpy-2.0.2-cp312-cp312-win_amd64.whl", hash = "sha256:cfd41e13fdc257aa5778496b8caa5e856dc4896d4ccf01841daee1d96465467a"},
    {file = "numpy-2.0.2-cp39-cp39-macosx_10_9_x86_64.whl", hash = "sha256:9059e10581ce4093f735ed23f3b9d283b9d517ff46009ddd485f1747eb22653c"},
    {file = "numpy-2.0.2-cp39-cp39-macosx_11_0_arm64.whl", hash = "sha256:423e89b23490805d2a5a96fe40ec507407b8ee786d66f7328be214f9679df6dd"},
    {file = "numpy-2.0.2-cp39-cp39-macosx_14_0_arm64.whl", hash = "sha256:2b2955fa6f11907cf7a70dab0d0755159bca87755e831e47932367fc8f2f2d0b"},
    {file = "numpy-2.0.2-cp39-cp39-macosx_14_0_x86_64.whl", hash = "sha256:97032a27bd9d8988b9a97a8c4d2c9f2c15a81f61e2f21404d7e8ef00cb5be729"},
    {file = "numpy-2.0.2-cp39-cp39-manylinux_2_17_aarch64.manylinux2014_aarch64.whl", hash = "sha256:1e795a8be3ddbac43274f18588329c72939870a16cae810c2b73461c40718ab1"},
    {file = "numpy-2.0.2-cp39-cp39-manylinux_2_17_x86_64.manylinux2014_x86_64.whl", hash = "sha256:f26b258c385842546006213344c50655ff1555a9338e2e5e02a0756dc3e803dd"},
    {file = "numpy-2.0.2-cp39-cp39-musllinux_1_1_x86_64.whl", hash = "sha256:5fec9451a7789926bcf7c2b8d187292c9f93ea30284802a0ab3f5be8ab36865d"},
    {file = "numpy-2.0.2-cp39-cp39-musllinux_1_2_aarch64.whl", hash = "sha256:9189427407d88ff25ecf8f12469d4d39d35bee1db5d39fc5c168c6f088a6956d"},
    {file = "numpy-2.0.2-cp39-cp39-win32.whl", hash = "sha256:905d16e0c60200656500c95b6b8dca5d109e23cb24abc701d41c02d74c6b3afa"},
    {file = "numpy-2.0.2-cp39-cp39-win_amd64.whl", hash = "sha256:a3f4ab0caa7f053f6797fcd4e1e25caee367db3112ef2b6ef82d749530768c73"},
    {file = "numpy-2.0.2-pp39-pypy39_pp73-macosx_10_9_x86_64.whl", hash = "sha256:7f0a0c6f12e07fa94133c8a67404322845220c06a9e80e85999afe727f7438b8"},
    {file = "numpy-2.0.2-pp39-pypy39_pp73-macosx_14_0_x86_64.whl", hash = "sha256:312950fdd060354350ed123c0e25a71327d3711584beaef30cdaa93320c392d4"},
    {file = "numpy-2.0.2-pp39-pypy39_pp73-manylinux_2_17_x86_64.manylinux2014_x86_64.whl", hash = "sha256:26df23238872200f63518dd2aa984cfca675d82469535dc7162dc2ee52d9dd5c"},
    {file = "numpy-2.0.2-pp39-pypy39_pp73-win_amd64.whl", hash = "sha256:a46288ec55ebbd58947d31d72be2c63cbf839f0a63b49cb755022310792a3385"},
    {file = "numpy-2.0.2.tar.gz", hash = "sha256:883c987dee1880e2a864ab0dc9892292582510604156762362d9326444636e78"},
]

[[package]]
name = "nvidia-ml-py"
version = "12.560.30"
description = "Python Bindings for the NVIDIA Management Library"
optional = false
python-versions = "*"
files = [
    {file = "nvidia-ml-py-12.560.30.tar.gz", hash = "sha256:f0254dc7400647680a072ee02509bfd46102b60bdfeca321576d4d4817e7fe97"},
    {file = "nvidia_ml_py-12.560.30-py3-none-any.whl", hash = "sha256:fea371c94d63e38a611c17bbb85fe400e9c8ddb9e8684a9cd0e47786a4bc3c73"},
]

[[package]]
name = "py-cpuinfo"
version = "9.0.0"
description = "Get CPU info with pure Python"
optional = false
python-versions = "*"
files = [
    {file = "py-cpuinfo-9.0.0.tar.gz", hash = "sha256:3cdbbf3fac90dc6f118bfd64384f309edeadd902d7c8fb17f02ffa1fc3f49690"},
    {file = "py_cpuinfo-9.0.0-py3-none-any.whl", hash = "sha256:859625bc251f64e21f077d099d4162689c762b5d6a4c3c97553d56241c9674d5"},
]

[[package]]
name = "pynvml"
version = "12.0.0"
description = "Python utilities for the NVIDIA Management Library"
optional = false
python-versions = ">=3.9"
files = [
    {file = "pynvml-12.0.0-py3-none-any.whl", hash = "sha256:fdff84b62a27dbe98e08e1a647eb77342bef1aebe0878bcd15e99a83fcbecb9e"},
    {file = "pynvml-12.0.0.tar.gz", hash = "sha256:299ce2451a6a17e6822d6faee750103e25b415f06f59abb8db65d30f794166f5"},
]

[package.dependencies]
nvidia-ml-py = ">=12.0.0,<13.0.0a0"

[package.extras]
test = ["pytest (>=3.6)", "pytest-cov", "pytest-runner"]

[metadata]
lock-version = "2.0"
python-versions = "^3.9"
content-hash = "759830b0fb2ea94963131360ff17629dcbc7478113c83b3d227ad08eb1aa09ca"
